{
  "object": {
    "pins": [
      {
        "package": "MobKit",
        "repositoryURL": "https://github.com/mobven/MobKit.git",
        "state": {
          "branch": "develop",
          "revision": "bd947e3d7742c5fbe0aa7cf37dadd57e6a47a44b",
          "version": null
        }
      }
    ]
  },
  "version": 1
}
